Microsoft Visual Studio Solution File, Format Version 12.00
# Visual Studio Version 17
VisualStudioVersion = 17.0.31903.59
MinimumVisualStudioVersion = 10.0.40219.1
Project("{FAE04EC0-301F-11D3-BF4B-00C04F79EFBC}") = "TibberSmartPlug", "TibberSmartPlug\TibberSmartPlug.csproj", "{0D6CF6B6-C7B7-4FF5-9E14-5AF5A2D86030}"
EndProject
Project("{FAE04EC0-301F-11D3-BF4B-00C04F79EFBC}") = "TibberSmartPlug.Tests", "TibberSmartPlug.Tests\TibberSmartPlug.Tests.csproj", "{D9309872-1D2B-4D72-A5DD-5D799236C5FB}"
EndProject
Global
	GlobalSection(SolutionConfigurationPlatforms) = preSolution
		Debug|Any CPU = Debug|Any CPU
		Release|Any CPU = Release|Any CPU
	EndGlobalSection
	GlobalSection(ProjectConfigurationPlatforms) = postSolution
		{0D6CF6B6-C7B7-4FF5-9E14-5AF5A2D86030}.Debug|Any CPU.ActiveCfg = Debug|Any CPU
		{0D6CF6B6-C7B7-4FF5-9E14-5AF5A2D86030}.Debug|Any CPU.Build.0 = Debug|Any CPU
		{0D6CF6B6-C7B7-4FF5-9E14-5AF5A2D86030}.Release|Any CPU.ActiveCfg = Release|Any CPU
		{0D6CF6B6-C7B7-4FF5-9E14-5AF5A2D86030}.Release|Any CPU.Build.0 = Release|Any CPU
		{D9309872-1D2B-4D72-A5DD-5D799236C5FB}.Debug|Any CPU.ActiveCfg = Debug|Any CPU
		{D9309872-1D2B-4D72-A5DD-5D799236C5FB}.Debug|Any CPU.Build.0 = Debug|Any CPU
		{D9309872-1D2B-4D72-A5DD-5D799236C5FB}.Release|Any CPU.ActiveCfg = Release|Any CPU
		{D9309872-1D2B-4D72-A5DD-5D799236C5FB}.Release|Any CPU.Build.0 = Release|Any CPU
	EndGlobalSection
	GlobalSection(SolutionProperties) = preSolution
		HideSolutionNode = FALSE
	EndGlobalSection
EndGlobal
